
Microsoft Visual Studio Solution File, Format Version 12.00
# Visual Studio Version 16
VisualStudioVersion = 16.0.30804.86
MinimumVisualStudioVersion = 10.0.40219.1
Project("{FAE04EC0-301F-11D3-BF4B-00C04F79EFBC}") = "Solution-1", "Solution-1\Solution-1.csproj", "{F41DD6F7-3866-4FC5-A4FA-FEA0B64D08E5}"
EndProject
Global
	GlobalSection(SolutionConfigurationPlatforms) = preSolution
		Debug|Any CPU = Debug|Any CPU
		Release|Any CPU = Release|Any CPU
	EndGlobalSection
	GlobalSection(ProjectConfigurationPlatforms) = postSolution
		{F41DD6F7-3866-4FC5-A4FA-FEA0B64D08E5}.Debug|Any CPU.ActiveCfg = Debug|Any CPU
		{F41DD6F7-3866-4FC5-A4FA-FEA0B64D08E5}.Debug|Any CPU.Build.0 = Debug|Any CPU
		{F41DD6F7-3866-4FC5-A4FA-FEA0B64D08E5}.Release|Any CPU.ActiveCfg = Release|Any CPU
		{F41DD6F7-3866-4FC5-A4FA-FEA0B64D08E5}.Release|Any CPU.Build.0 = Release|Any CPU
	EndGlobalSection
	GlobalSection(SolutionProperties) = preSolution
		HideSolutionNode = FALSE
	EndGlobalSection
	GlobalSection(ExtensibilityGlobals) = postSolution
		SolutionGuid = {762B72A1-4DCE-4625-A528-A7073A8F4BD8}
	EndGlobalSection
EndGlobal
