
Microsoft Visual Studio Solution File, Format Version 12.00
# Visual Studio Version 16
VisualStudioVersion = 16.0.30804.86
MinimumVisualStudioVersion = 10.0.40219.1
Project("{FAE04EC0-301F-11D3-BF4B-00C04F79EFBC}") = "task-1", "task-1\task-1.csproj", "{C26977CE-883A-46B6-B5E8-25A4665F335E}"
EndProject
Project("{FAE04EC0-301F-11D3-BF4B-00C04F79EFBC}") = "task-2", "task-2\task-2.csproj", "{0F5A0CEE-4E91-46DB-9A26-C6C6211A8B94}"
EndProject
Global
	GlobalSection(SolutionConfigurationPlatforms) = preSolution
		Debug|Any CPU = Debug|Any CPU
		Release|Any CPU = Release|Any CPU
	EndGlobalSection
	GlobalSection(ProjectConfigurationPlatforms) = postSolution
		{C26977CE-883A-46B6-B5E8-25A4665F335E}.Debug|Any CPU.ActiveCfg = Debug|Any CPU
		{C26977CE-883A-46B6-B5E8-25A4665F335E}.Debug|Any CPU.Build.0 = Debug|Any CPU
		{C26977CE-883A-46B6-B5E8-25A4665F335E}.Release|Any CPU.ActiveCfg = Release|Any CPU
		{C26977CE-883A-46B6-B5E8-25A4665F335E}.Release|Any CPU.Build.0 = Release|Any CPU
		{0F5A0CEE-4E91-46DB-9A26-C6C6211A8B94}.Debug|Any CPU.ActiveCfg = Debug|Any CPU
		{0F5A0CEE-4E91-46DB-9A26-C6C6211A8B94}.Debug|Any CPU.Build.0 = Debug|Any CPU
		{0F5A0CEE-4E91-46DB-9A26-C6C6211A8B94}.Release|Any CPU.ActiveCfg = Release|Any CPU
		{0F5A0CEE-4E91-46DB-9A26-C6C6211A8B94}.Release|Any CPU.Build.0 = Release|Any CPU
	EndGlobalSection
	GlobalSection(SolutionProperties) = preSolution
		HideSolutionNode = FALSE
	EndGlobalSection
	GlobalSection(ExtensibilityGlobals) = postSolution
		SolutionGuid = {2EBA77EB-8D37-4047-B28C-85A885C6A1F4}
	EndGlobalSection
EndGlobal
